
Microsoft Visual Studio Solution File, Format Version 12.00
# Visual Studio 15
VisualStudioVersion = 15.0.27703.2000
MinimumVisualStudioVersion = 10.0.40219.1
Project("{FAE04EC0-301F-11D3-BF4B-00C04F79EFBC}") = "GDUploaderDemo", "GDUploaderDemo\GDUploaderDemo.csproj", "{4ED881A4-F6C2-433A-B1DE-6B0FCDCD60BE}"
EndProject
Global
	GlobalSection(SolutionConfigurationPlatforms) = preSolution
		Debug|Any CPU = Debug|Any CPU
		Release|Any CPU = Release|Any CPU
	EndGlobalSection
	GlobalSection(ProjectConfigurationPlatforms) = postSolution
		{4ED881A4-F6C2-433A-B1DE-6B0FCDCD60BE}.Debug|Any CPU.ActiveCfg = Debug|Any CPU
		{4ED881A4-F6C2-433A-B1DE-6B0FCDCD60BE}.Debug|Any CPU.Build.0 = Debug|Any CPU
		{4ED881A4-F6C2-433A-B1DE-6B0FCDCD60BE}.Release|Any CPU.ActiveCfg = Release|Any CPU
		{4ED881A4-F6C2-433A-B1DE-6B0FCDCD60BE}.Release|Any CPU.Build.0 = Release|Any CPU
	EndGlobalSection
	GlobalSection(SolutionProperties) = preSolution
		HideSolutionNode = FALSE
	EndGlobalSection
	GlobalSection(ExtensibilityGlobals) = postSolution
		SolutionGuid = {AB724D9A-0D81-42FB-8D42-6CB21F537D36}
	EndGlobalSection
EndGlobal
